// !$*UTF8*$!
{
	archiveVersion = 1;
	classes = {
	};
	objectVersion = 46;
	objects = {

/* Begin PBXBuildFile section */
		4690D24716D84588A607B166 /* libPods.a in Frameworks */ = {isa = PBXBuildFile; fileRef = B42444467B964BE49A6E6238 /* libPods.a */; };
		D70A508B1778F16B0007A167 /* RHLocation.m in Sources */ = {isa = PBXBuildFile; fileRef = D70A508A1778F16B0007A167 /* RHLocation.m */; };
		D7232AAB17737A3F00EEB447 /* pipe.png in Resources */ = {isa = PBXBuildFile; fileRef = D7232AAA17737A3F00EEB447 /* pipe.png */; };
		D7232AAD17737C6B00EEB447 /* AppBackground.png in Resources */ = {isa = PBXBuildFile; fileRef = D7232AAC17737C6B00EEB447 /* AppBackground.png */; };
		D7232AB117737EE600EEB447 /* icon_email.png in Resources */ = {isa = PBXBuildFile; fileRef = D7232AAE17737EE600EEB447 /* icon_email.png */; };
		D7232AB217737EE600EEB447 /* icon_office.png in Resources */ = {isa = PBXBuildFile; fileRef = D7232AAF17737EE600EEB447 /* icon_office.png */; };
		D7232AB317737EE600EEB447 /* icon_phone.png in Resources */ = {isa = PBXBuildFile; fileRef = D7232AB017737EE600EEB447 /* icon_phone.png */; };
		D7232AB51778A63B00EEB447 /* StaffAppIcon_v2.png in Resources */ = {isa = PBXBuildFile; fileRef = D7232AB41778A63B00EEB447 /* StaffAppIcon_v2.png */; };
		D7232AB71778A64B00EEB447 /* StaffAppIcon_HiRes_v2.png in Resources */ = {isa = PBXBuildFile; fileRef = D7232AB61778A64B00EEB447 /* StaffAppIcon_HiRes_v2.png */; };
		D7232ABA1778A6DE00EEB447 /* icon_atoz.png in Resources */ = {isa = PBXBuildFile; fileRef = D7232AB81778A6DE00EEB447 /* icon_atoz.png */; };
		D7232ABF1778B39B00EEB447 /* EmployeeListCell.m in Sources */ = {isa = PBXBuildFile; fileRef = D7232ABE1778B39B00EEB447 /* EmployeeListCell.m */; };
		D7424AC91771069E003E2D12 /* Default-568h@2x.png in Resources */ = {isa = PBXBuildFile; fileRef = D7424AC81771069E003E2D12 /* Default-568h@2x.png */; };
		D7424AD017710ABD003E2D12 /* Default.png in Resources */ = {isa = PBXBuildFile; fileRef = D7424ACA177106A3003E2D12 /* Default.png */; };
		D7424AD117710AC1003E2D12 /* Default@2x.png in Resources */ = {isa = PBXBuildFile; fileRef = D7424AC61771069A003E2D12 /* Default@2x.png */; };
		D76578B5177B7B9300E91808 /* icon_atoz@2x.png in Resources */ = {isa = PBXBuildFile; fileRef = D76578B4177B7B9300E91808 /* icon_atoz@2x.png */; };
		D76578B7177B7BA900E91808 /* icon_email@2x.png in Resources */ = {isa = PBXBuildFile; fileRef = D76578B6177B7BA900E91808 /* icon_email@2x.png */; };
		D76578B9177B7BB700E91808 /* icon_office@2x.png in Resources */ = {isa = PBXBuildFile; fileRef = D76578B8177B7BB700E91808 /* icon_office@2x.png */; };
		D76578BB177B7BC900E91808 /* icon_phone@2x.png in Resources */ = {isa = PBXBuildFile; fileRef = D76578BA177B7BC900E91808 /* icon_phone@2x.png */; };
		D76578BE177B7C3500E91808 /* AppBackground-568h@2x.png in Resources */ = {isa = PBXBuildFile; fileRef = D76578BC177B7C3500E91808 /* AppBackground-568h@2x.png */; };
		D76578BF177B7C3500E91808 /* AppBackground@2x.png in Resources */ = {isa = PBXBuildFile; fileRef = D76578BD177B7C3500E91808 /* AppBackground@2x.png */; };
		D76578C1177B7C5900E91808 /* pipe@2x.png in Resources */ = {isa = PBXBuildFile; fileRef = D76578C0177B7C5900E91808 /* pipe@2x.png */; };
		D76578C4177B7C7A00E91808 /* pipe_long.png in Resources */ = {isa = PBXBuildFile; fileRef = D76578C2177B7C7A00E91808 /* pipe_long.png */; };
		D76578C5177B7C7A00E91808 /* pipe_long@2x.png in Resources */ = {isa = PBXBuildFile; fileRef = D76578C3177B7C7A00E91808 /* pipe_long@2x.png */; };
		D77DF282175E37D200B3BA78 /* QuartzCore.framework in Frameworks */ = {isa = PBXBuildFile; fileRef = D77DF281175E37D200B3BA78 /* QuartzCore.framework */; };
		D77DF2841760DACA00B3BA78 /* README.md in Resources */ = {isa = PBXBuildFile; fileRef = D77DF2831760DACA00B3BA78 /* README.md */; };
		D7862EB0174E741C00E59D5A /* UIKit.framework in Frameworks */ = {isa = PBXBuildFile; fileRef = D7862EAF174E741C00E59D5A /* UIKit.framework */; };
		D7862EB2174E741C00E59D5A /* Foundation.framework in Frameworks */ = {isa = PBXBuildFile; fileRef = D7862EB1174E741C00E59D5A /* Foundation.framework */; };
		D7862EB4174E741C00E59D5A /* CoreGraphics.framework in Frameworks */ = {isa = PBXBuildFile; fileRef = D7862EB3174E741C00E59D5A /* CoreGraphics.framework */; };
		D7862EB7174E741C00E59D5A /* Podfile in Resources */ = {isa = PBXBuildFile; fileRef = D7862EB6174E741C00E59D5A /* Podfile */; };
		D7862EBD174E741C00E59D5A /* StaffRosterAPIClient.m in Sources */ = {isa = PBXBuildFile; fileRef = D7862EBC174E741C00E59D5A /* StaffRosterAPIClient.m */; };
		D7862EC1174E741C00E59D5A /* InfoPlist.strings in Resources */ = {isa = PBXBuildFile; fileRef = D7862EBF174E741C00E59D5A /* InfoPlist.strings */; };
		D7862EC3174E741C00E59D5A /* main.m in Sources */ = {isa = PBXBuildFile; fileRef = D7862EC2174E741C00E59D5A /* main.m */; };
		D7862EC6174E741C00E59D5A /* AppDelegate.m in Sources */ = {isa = PBXBuildFile; fileRef = D7862EC5174E741C00E59D5A /* AppDelegate.m */; };
		D7862ED0174E741C00E59D5A /* EmployeeSearchViewController.m in Sources */ = {isa = PBXBuildFile; fileRef = D7862ECF174E741C00E59D5A /* EmployeeSearchViewController.m */; };
		D7862ED2174E741C00E59D5A /* .gitignore in Resources */ = {isa = PBXBuildFile; fileRef = D7862ED1174E741C00E59D5A /* .gitignore */; };
		D7862EDA174E741C00E59D5A /* SenTestingKit.framework in Frameworks */ = {isa = PBXBuildFile; fileRef = D7862ED9174E741C00E59D5A /* SenTestingKit.framework */; };
		D7862EDB174E741C00E59D5A /* UIKit.framework in Frameworks */ = {isa = PBXBuildFile; fileRef = D7862EAF174E741C00E59D5A /* UIKit.framework */; };
		D7862EDC174E741C00E59D5A /* Foundation.framework in Frameworks */ = {isa = PBXBuildFile; fileRef = D7862EB1174E741C00E59D5A /* Foundation.framework */; };
		D7862EE4174E741C00E59D5A /* InfoPlist.strings in Resources */ = {isa = PBXBuildFile; fileRef = D7862EE2174E741C00E59D5A /* InfoPlist.strings */; };
		D7862EE7174E741C00E59D5A /* StaffRosterTests.m in Sources */ = {isa = PBXBuildFile; fileRef = D7862EE6174E741C00E59D5A /* StaffRosterTests.m */; };
		D7999CC6174EBC4800EEF930 /* StaffDetailTableViewController.m in Sources */ = {isa = PBXBuildFile; fileRef = D7999CC5174EBC4800EEF930 /* StaffDetailTableViewController.m */; };
		D7B183A5177E1B4E008E2AED /* profile.png in Resources */ = {isa = PBXBuildFile; fileRef = D7B183A3177E1B4E008E2AED /* profile.png */; };
		D7B183A6177E1B4E008E2AED /* profile@2x.png in Resources */ = {isa = PBXBuildFile; fileRef = D7B183A4177E1B4E008E2AED /* profile@2x.png */; };
		D7BE599F17690189007F2C20 /* OfflineDataProvider.m in Sources */ = {isa = PBXBuildFile; fileRef = D7BE599E17690189007F2C20 /* OfflineDataProvider.m */; };
		D7BE59F8176FB4C6007F2C20 /* ImageIO.framework in Frameworks */ = {isa = PBXBuildFile; fileRef = D7BE59F7176FB4C6007F2C20 /* ImageIO.framework */; };
		D7BE59FA176FB649007F2C20 /* SDWebImage.framework in Frameworks */ = {isa = PBXBuildFile; fileRef = D7BE59F9176FB649007F2C20 /* SDWebImage.framework */; };
/* End PBXBuildFile section */

/* Begin PBXContainerItemProxy section */
		D7862EDD174E741C00E59D5A /* PBXContainerItemProxy */ = {
			isa = PBXContainerItemProxy;
			containerPortal = D7862EA4174E741C00E59D5A /* Project object */;
			proxyType = 1;
			remoteGlobalIDString = D7862EAB174E741C00E59D5A;
			remoteInfo = StaffRoster;
		};
/* End PBXContainerItemProxy section */

/* Begin PBXFileReference section */
		0937ADEC2B47403CBF0CD0AD /* Pods.xcconfig */ = {isa = PBXFileReference; includeInIndex = 1; lastKnownFileType = text.xcconfig; name = Pods.xcconfig; path = Pods/Pods.xcconfig; sourceTree = SOURCE_ROOT; };
		B42444467B964BE49A6E6238 /* libPods.a */ = {isa = PBXFileReference; explicitFileType = archive.ar; includeInIndex = 0; path = libPods.a; sourceTree = BUILT_PRODUCTS_DIR; };
		D70A50891778F16B0007A167 /* RHLocation.h */ = {isa = PBXFileReference; fileEncoding = 4; lastKnownFileType = sourcecode.c.h; name = RHLocation.h; path = Classes/Objects/RHLocation.h; sourceTree = "<group>"; };
		D70A508A1778F16B0007A167 /* RHLocation.m */ = {isa = PBXFileReference; fileEncoding = 4; lastKnownFileType = sourcecode.c.objc; name = RHLocation.m; path = Classes/Objects/RHLocation.m; sourceTree = "<group>"; };
		D7232AAA17737A3F00EEB447 /* pipe.png */ = {isa = PBXFileReference; lastKnownFileType = image.png; path = pipe.png; sourceTree = "<group>"; };
		D7232AAC17737C6B00EEB447 /* AppBackground.png */ = {isa = PBXFileReference; lastKnownFileType = image.png; path = AppBackground.png; sourceTree = "<group>"; };
		D7232AAE17737EE600EEB447 /* icon_email.png */ = {isa = PBXFileReference; lastKnownFileType = image.png; path = icon_email.png; sourceTree = "<group>"; };
		D7232AAF17737EE600EEB447 /* icon_office.png */ = {isa = PBXFileReference; lastKnownFileType = image.png; path = icon_office.png; sourceTree = "<group>"; };
		D7232AB017737EE600EEB447 /* icon_phone.png */ = {isa = PBXFileReference; lastKnownFileType = image.png; path = icon_phone.png; sourceTree = "<group>"; };
		D7232AB41778A63B00EEB447 /* StaffAppIcon_v2.png */ = {isa = PBXFileReference; lastKnownFileType = image.png; path = StaffAppIcon_v2.png; sourceTree = "<group>"; };
		D7232AB61778A64B00EEB447 /* StaffAppIcon_HiRes_v2.png */ = {isa = PBXFileReference; lastKnownFileType = image.png; path = StaffAppIcon_HiRes_v2.png; sourceTree = "<group>"; };
		D7232AB81778A6DE00EEB447 /* icon_atoz.png */ = {isa = PBXFileReference; lastKnownFileType = image.png; path = icon_atoz.png; sourceTree = "<group>"; };
		D7232ABD1778B39B00EEB447 /* EmployeeListCell.h */ = {isa = PBXFileReference; fileEncoding = 4; lastKnownFileType = sourcecode.c.h; name = EmployeeListCell.h; path = Classes/UIElements/EmployeeListCell.h; sourceTree = "<group>"; };
		D7232ABE1778B39B00EEB447 /* EmployeeListCell.m */ = {isa = PBXFileReference; fileEncoding = 4; lastKnownFileType = sourcecode.c.objc; name = EmployeeListCell.m; path = Classes/UIElements/EmployeeListCell.m; sourceTree = "<group>"; };
		D7424AC61771069A003E2D12 /* Default@2x.png */ = {isa = PBXFileReference; lastKnownFileType = image.png; path = "Default@2x.png"; sourceTree = "<group>"; };
		D7424AC81771069E003E2D12 /* Default-568h@2x.png */ = {isa = PBXFileReference; lastKnownFileType = image.png; path = "Default-568h@2x.png"; sourceTree = "<group>"; };
		D7424ACA177106A3003E2D12 /* Default.png */ = {isa = PBXFileReference; lastKnownFileType = image.png; path = Default.png; sourceTree = "<group>"; };
		D76578B4177B7B9300E91808 /* icon_atoz@2x.png */ = {isa = PBXFileReference; lastKnownFileType = image.png; path = "icon_atoz@2x.png"; sourceTree = "<group>"; };
		D76578B6177B7BA900E91808 /* icon_email@2x.png */ = {isa = PBXFileReference; lastKnownFileType = image.png; path = "icon_email@2x.png"; sourceTree = "<group>"; };
		D76578B8177B7BB700E91808 /* icon_office@2x.png */ = {isa = PBXFileReference; lastKnownFileType = image.png; path = "icon_office@2x.png"; sourceTree = "<group>"; };
		D76578BA177B7BC900E91808 /* icon_phone@2x.png */ = {isa = PBXFileReference; lastKnownFileType = image.png; path = "icon_phone@2x.png"; sourceTree = "<group>"; };
		D76578BC177B7C3500E91808 /* AppBackground-568h@2x.png */ = {isa = PBXFileReference; lastKnownFileType = image.png; path = "AppBackground-568h@2x.png"; sourceTree = "<group>"; };
		D76578BD177B7C3500E91808 /* AppBackground@2x.png */ = {isa = PBXFileReference; lastKnownFileType = image.png; path = "AppBackground@2x.png"; sourceTree = "<group>"; };
		D76578C0177B7C5900E91808 /* pipe@2x.png */ = {isa = PBXFileReference; lastKnownFileType = image.png; path = "pipe@2x.png"; sourceTree = "<group>"; };
		D76578C2177B7C7A00E91808 /* pipe_long.png */ = {isa = PBXFileReference; lastKnownFileType = image.png; path = pipe_long.png; sourceTree = "<group>"; };
		D76578C3177B7C7A00E91808 /* pipe_long@2x.png */ = {isa = PBXFileReference; lastKnownFileType = image.png; path = "pipe_long@2x.png"; sourceTree = "<group>"; };
		D77DF281175E37D200B3BA78 /* QuartzCore.framework */ = {isa = PBXFileReference; lastKnownFileType = wrapper.framework; name = QuartzCore.framework; path = System/Library/Frameworks/QuartzCore.framework; sourceTree = SDKROOT; };
		D77DF2831760DACA00B3BA78 /* README.md */ = {isa = PBXFileReference; fileEncoding = 4; lastKnownFileType = text; path = README.md; sourceTree = "<group>"; };
		D7862EAC174E741C00E59D5A /* StaffRoster.app */ = {isa = PBXFileReference; explicitFileType = wrapper.application; includeInIndex = 0; path = StaffRoster.app; sourceTree = BUILT_PRODUCTS_DIR; };
		D7862EAF174E741C00E59D5A /* UIKit.framework */ = {isa = PBXFileReference; lastKnownFileType = wrapper.framework; name = UIKit.framework; path = System/Library/Frameworks/UIKit.framework; sourceTree = SDKROOT; };
		D7862EB1174E741C00E59D5A /* Foundation.framework */ = {isa = PBXFileReference; lastKnownFileType = wrapper.framework; name = Foundation.framework; path = System/Library/Frameworks/Foundation.framework; sourceTree = SDKROOT; };
		D7862EB3174E741C00E59D5A /* CoreGraphics.framework */ = {isa = PBXFileReference; lastKnownFileType = wrapper.framework; name = CoreGraphics.framework; path = System/Library/Frameworks/CoreGraphics.framework; sourceTree = SDKROOT; };
		D7862EB6174E741C00E59D5A /* Podfile */ = {isa = PBXFileReference; lastKnownFileType = text; name = Podfile; path = ../Podfile; sourceTree = "<group>"; xcLanguageSpecificationIdentifier = xcode.lang.ruby; };
		D7862EB9174E741C00E59D5A /* StaffRoster-Prefix.pch */ = {isa = PBXFileReference; lastKnownFileType = sourcecode.c.h; path = "StaffRoster-Prefix.pch"; sourceTree = "<group>"; };
		D7862EBB174E741C00E59D5A /* StaffRosterAPIClient.h */ = {isa = PBXFileReference; lastKnownFileType = sourcecode.c.h; name = StaffRosterAPIClient.h; path = Classes/Networking/StaffRosterAPIClient.h; sourceTree = "<group>"; };
		D7862EBC174E741C00E59D5A /* StaffRosterAPIClient.m */ = {isa = PBXFileReference; lastKnownFileType = sourcecode.c.objc; name = StaffRosterAPIClient.m; path = Classes/Networking/StaffRosterAPIClient.m; sourceTree = "<group>"; };
		D7862EBE174E741C00E59D5A /* StaffRoster-Info.plist */ = {isa = PBXFileReference; lastKnownFileType = text.plist.xml; path = "StaffRoster-Info.plist"; sourceTree = "<group>"; };
		D7862EC0174E741C00E59D5A /* en */ = {isa = PBXFileReference; lastKnownFileType = text.plist.strings; name = en; path = en.lproj/InfoPlist.strings; sourceTree = "<group>"; };
		D7862EC2174E741C00E59D5A /* main.m */ = {isa = PBXFileReference; lastKnownFileType = sourcecode.c.objc; path = main.m; sourceTree = "<group>"; };
		D7862EC4174E741C00E59D5A /* AppDelegate.h */ = {isa = PBXFileReference; lastKnownFileType = sourcecode.c.h; path = AppDelegate.h; sourceTree = "<group>"; };
		D7862EC5174E741C00E59D5A /* AppDelegate.m */ = {isa = PBXFileReference; lastKnownFileType = sourcecode.c.objc; path = AppDelegate.m; sourceTree = "<group>"; };
		D7862EC7174E741C00E59D5A /* Default.png */ = {isa = PBXFileReference; lastKnownFileType = image.png; path = Default.png; sourceTree = "<group>"; };
		D7862EC9174E741C00E59D5A /* Default@2x.png */ = {isa = PBXFileReference; lastKnownFileType = image.png; path = "Default@2x.png"; sourceTree = "<group>"; };
		D7862ECB174E741C00E59D5A /* Default-568h@2x.png */ = {isa = PBXFileReference; lastKnownFileType = image.png; path = "Default-568h@2x.png"; sourceTree = "<group>"; };
		D7862ECE174E741C00E59D5A /* EmployeeSearchViewController.h */ = {isa = PBXFileReference; lastKnownFileType = sourcecode.c.h; name = EmployeeSearchViewController.h; path = Classes/Controllers/EmployeeSearchViewController.h; sourceTree = "<group>"; };
		D7862ECF174E741C00E59D5A /* EmployeeSearchViewController.m */ = {isa = PBXFileReference; lastKnownFileType = sourcecode.c.objc; name = EmployeeSearchViewController.m; path = Classes/Controllers/EmployeeSearchViewController.m; sourceTree = "<group>"; };
		D7862ED1174E741C00E59D5A /* .gitignore */ = {isa = PBXFileReference; lastKnownFileType = text; path = .gitignore; sourceTree = "<group>"; };
		D7862ED8174E741C00E59D5A /* StaffRosterTests.octest */ = {isa = PBXFileReference; explicitFileType = wrapper.cfbundle; includeInIndex = 0; path = StaffRosterTests.octest; sourceTree = BUILT_PRODUCTS_DIR; };
		D7862ED9174E741C00E59D5A /* SenTestingKit.framework */ = {isa = PBXFileReference; lastKnownFileType = wrapper.framework; name = SenTestingKit.framework; path = Library/Frameworks/SenTestingKit.framework; sourceTree = DEVELOPER_DIR; };
		D7862EE1174E741C00E59D5A /* StaffRosterTests-Info.plist */ = {isa = PBXFileReference; lastKnownFileType = text.plist.xml; path = "StaffRosterTests-Info.plist"; sourceTree = "<group>"; };
		D7862EE3174E741C00E59D5A /* en */ = {isa = PBXFileReference; lastKnownFileType = text.plist.strings; name = en; path = en.lproj/InfoPlist.strings; sourceTree = "<group>"; };
		D7862EE5174E741C00E59D5A /* StaffRosterTests.h */ = {isa = PBXFileReference; lastKnownFileType = sourcecode.c.h; path = StaffRosterTests.h; sourceTree = "<group>"; };
		D7862EE6174E741C00E59D5A /* StaffRosterTests.m */ = {isa = PBXFileReference; lastKnownFileType = sourcecode.c.objc; path = StaffRosterTests.m; sourceTree = "<group>"; };
		D7999CC4174EBC4800EEF930 /* StaffDetailTableViewController.h */ = {isa = PBXFileReference; fileEncoding = 4; lastKnownFileType = sourcecode.c.h; path = StaffDetailTableViewController.h; sourceTree = "<group>"; };
		D7999CC5174EBC4800EEF930 /* StaffDetailTableViewController.m */ = {isa = PBXFileReference; fileEncoding = 4; lastKnownFileType = sourcecode.c.objc; path = StaffDetailTableViewController.m; sourceTree = "<group>"; };
		D7B183A3177E1B4E008E2AED /* profile.png */ = {isa = PBXFileReference; lastKnownFileType = image.png; path = profile.png; sourceTree = "<group>"; };
		D7B183A4177E1B4E008E2AED /* profile@2x.png */ = {isa = PBXFileReference; lastKnownFileType = image.png; path = "profile@2x.png"; sourceTree = "<group>"; };
		D7BE599D17690189007F2C20 /* OfflineDataProvider.h */ = {isa = PBXFileReference; fileEncoding = 4; lastKnownFileType = sourcecode.c.h; name = OfflineDataProvider.h; path = Classes/DataProviders/OfflineDataProvider.h; sourceTree = "<group>"; };
		D7BE599E17690189007F2C20 /* OfflineDataProvider.m */ = {isa = PBXFileReference; fileEncoding = 4; lastKnownFileType = sourcecode.c.objc; name = OfflineDataProvider.m; path = Classes/DataProviders/OfflineDataProvider.m; sourceTree = "<group>"; };
		D7BE59A2176A1A81007F2C20 /* Constants.h */ = {isa = PBXFileReference; fileEncoding = 4; lastKnownFileType = sourcecode.c.h; path = Constants.h; sourceTree = "<group>"; };
		D7BE59F7176FB4C6007F2C20 /* ImageIO.framework */ = {isa = PBXFileReference; lastKnownFileType = wrapper.framework; name = ImageIO.framework; path = System/Library/Frameworks/ImageIO.framework; sourceTree = SDKROOT; };
		D7BE59F9176FB649007F2C20 /* SDWebImage.framework */ = {isa = PBXFileReference; lastKnownFileType = wrapper.framework; path = SDWebImage.framework; sourceTree = "<group>"; };
/* End PBXFileReference section */

/* Begin PBXFrameworksBuildPhase section */
		D7862EA9174E741C00E59D5A /* Frameworks */ = {
			isa = PBXFrameworksBuildPhase;
			buildActionMask = 2147483647;
			files = (
				D7BE59F8176FB4C6007F2C20 /* ImageIO.framework in Frameworks */,
				D77DF282175E37D200B3BA78 /* QuartzCore.framework in Frameworks */,
				D7862EB0174E741C00E59D5A /* UIKit.framework in Frameworks */,
				D7862EB2174E741C00E59D5A /* Foundation.framework in Frameworks */,
				D7862EB4174E741C00E59D5A /* CoreGraphics.framework in Frameworks */,
				4690D24716D84588A607B166 /* libPods.a in Frameworks */,
				D7BE59FA176FB649007F2C20 /* SDWebImage.framework in Frameworks */,
			);
			runOnlyForDeploymentPostprocessing = 0;
		};
		D7862ED4174E741C00E59D5A /* Frameworks */ = {
			isa = PBXFrameworksBuildPhase;
			buildActionMask = 2147483647;
			files = (
				D7862EDA174E741C00E59D5A /* SenTestingKit.framework in Frameworks */,
				D7862EDB174E741C00E59D5A /* UIKit.framework in Frameworks */,
				D7862EDC174E741C00E59D5A /* Foundation.framework in Frameworks */,
			);
			runOnlyForDeploymentPostprocessing = 0;
		};
/* End PBXFrameworksBuildPhase section */

/* Begin PBXGroup section */
		D7232ABC1778B35200EEB447 /* UIElements */ = {
			isa = PBXGroup;
			children = (
				D7232ABD1778B39B00EEB447 /* EmployeeListCell.h */,
				D7232ABE1778B39B00EEB447 /* EmployeeListCell.m */,
			);
			name = UIElements;
			sourceTree = "<group>";
		};
		D7232AC01778F0E300EEB447 /* Objects */ = {
			isa = PBXGroup;
			children = (
				D70A50891778F16B0007A167 /* RHLocation.h */,
				D70A508A1778F16B0007A167 /* RHLocation.m */,
			);
			name = Objects;
			sourceTree = "<group>";
		};
		D7862EA3174E741C00E59D5A = {
			isa = PBXGroup;
			children = (
				D7232AB61778A64B00EEB447 /* StaffAppIcon_HiRes_v2.png */,
				D7232AB41778A63B00EEB447 /* StaffAppIcon_v2.png */,
				D7424ACA177106A3003E2D12 /* Default.png */,
				D7424AC81771069E003E2D12 /* Default-568h@2x.png */,
				D7424AC61771069A003E2D12 /* Default@2x.png */,
				D7BE59F9176FB649007F2C20 /* SDWebImage.framework */,
				D7BE59F7176FB4C6007F2C20 /* ImageIO.framework */,
				D77DF2831760DACA00B3BA78 /* README.md */,
				D77DF281175E37D200B3BA78 /* QuartzCore.framework */,
				D7862EB5174E741C00E59D5A /* StaffRoster */,
				D7862EDF174E741C00E59D5A /* StaffRosterTests */,
				D7862EAE174E741C00E59D5A /* Frameworks */,
				0937ADEC2B47403CBF0CD0AD /* Pods.xcconfig */,
			);
			sourceTree = "<group>";
		};
		D7862EAD174E741C00E59D5A /* Products */ = {
			isa = PBXGroup;
			children = (
				D7862EAC174E741C00E59D5A /* StaffRoster.app */,
				D7862ED8174E741C00E59D5A /* StaffRosterTests.octest */,
			);
			name = Products;
			path = ..;
			sourceTree = "<group>";
		};
		D7862EAE174E741C00E59D5A /* Frameworks */ = {
			isa = PBXGroup;
			children = (
				D7862EAF174E741C00E59D5A /* UIKit.framework */,
				D7862EB1174E741C00E59D5A /* Foundation.framework */,
				D7862EB3174E741C00E59D5A /* CoreGraphics.framework */,
				D7862ED9174E741C00E59D5A /* SenTestingKit.framework */,
				B42444467B964BE49A6E6238 /* libPods.a */,
			);
			name = Frameworks;
			sourceTree = "<group>";
		};
		D7862EB5174E741C00E59D5A /* StaffRoster */ = {
			isa = PBXGroup;
			children = (
				D7232AC01778F0E300EEB447 /* Objects */,
				D7232ABC1778B35200EEB447 /* UIElements */,
				D7BE59FB176FC41B007F2C20 /* images */,
				D7862EB6174E741C00E59D5A /* Podfile */,
				D7862EC4174E741C00E59D5A /* AppDelegate.h */,
				D7862EC5174E741C00E59D5A /* AppDelegate.m */,
				D7BE59A2176A1A81007F2C20 /* Constants.h */,
				D7862ED1174E741C00E59D5A /* .gitignore */,
				D7BE599C17690162007F2C20 /* DataProviders */,
				D7862EBA174E741C00E59D5A /* Networking */,
				D7862ECD174E741C00E59D5A /* Controllers */,
				D7862EB8174E741C00E59D5A /* Supporting Files */,
			);
			path = StaffRoster;
			sourceTree = "<group>";
		};
		D7862EB8174E741C00E59D5A /* Supporting Files */ = {
			isa = PBXGroup;
			children = (
				D7862EB9174E741C00E59D5A /* StaffRoster-Prefix.pch */,
				D7862EBE174E741C00E59D5A /* StaffRoster-Info.plist */,
				D7862EBF174E741C00E59D5A /* InfoPlist.strings */,
				D7862EC2174E741C00E59D5A /* main.m */,
				D7862EC7174E741C00E59D5A /* Default.png */,
				D7862EC9174E741C00E59D5A /* Default@2x.png */,
				D7862ECB174E741C00E59D5A /* Default-568h@2x.png */,
			);
			name = "Supporting Files";
			sourceTree = "<group>";
		};
		D7862EBA174E741C00E59D5A /* Networking */ = {
			isa = PBXGroup;
			children = (
				D7862EBB174E741C00E59D5A /* StaffRosterAPIClient.h */,
				D7862EBC174E741C00E59D5A /* StaffRosterAPIClient.m */,
			);
			name = Networking;
			sourceTree = "<group>";
		};
		D7862ECD174E741C00E59D5A /* Controllers */ = {
			isa = PBXGroup;
			children = (
				D7862ECE174E741C00E59D5A /* EmployeeSearchViewController.h */,
				D7862ECF174E741C00E59D5A /* EmployeeSearchViewController.m */,
				D7999CC4174EBC4800EEF930 /* StaffDetailTableViewController.h */,
				D7999CC5174EBC4800EEF930 /* StaffDetailTableViewController.m */,
			);
			name = Controllers;
			sourceTree = "<group>";
		};
		D7862EDF174E741C00E59D5A /* StaffRosterTests */ = {
			isa = PBXGroup;
			children = (
				D7862EAD174E741C00E59D5A /* Products */,
				D7862EE5174E741C00E59D5A /* StaffRosterTests.h */,
				D7862EE6174E741C00E59D5A /* StaffRosterTests.m */,
				D7862EE0174E741C00E59D5A /* Supporting Files */,
			);
			path = StaffRosterTests;
			sourceTree = "<group>";
		};
		D7862EE0174E741C00E59D5A /* Supporting Files */ = {
			isa = PBXGroup;
			children = (
				D7862EE1174E741C00E59D5A /* StaffRosterTests-Info.plist */,
				D7862EE2174E741C00E59D5A /* InfoPlist.strings */,
			);
			name = "Supporting Files";
			sourceTree = "<group>";
		};
		D7BE599C17690162007F2C20 /* DataProviders */ = {
			isa = PBXGroup;
			children = (
				D7BE599D17690189007F2C20 /* OfflineDataProvider.h */,
				D7BE599E17690189007F2C20 /* OfflineDataProvider.m */,
			);
			name = DataProviders;
			sourceTree = "<group>";
		};
		D7BE59FB176FC41B007F2C20 /* images */ = {
			isa = PBXGroup;
			children = (
				D7B183A3177E1B4E008E2AED /* profile.png */,
				D7B183A4177E1B4E008E2AED /* profile@2x.png */,
				D7232AB81778A6DE00EEB447 /* icon_atoz.png */,
				D76578B4177B7B9300E91808 /* icon_atoz@2x.png */,
				D7232AAE17737EE600EEB447 /* icon_email.png */,
				D76578B6177B7BA900E91808 /* icon_email@2x.png */,
				D7232AAF17737EE600EEB447 /* icon_office.png */,
				D76578B8177B7BB700E91808 /* icon_office@2x.png */,
				D7232AB017737EE600EEB447 /* icon_phone.png */,
				D76578BA177B7BC900E91808 /* icon_phone@2x.png */,
				D7232AAC17737C6B00EEB447 /* AppBackground.png */,
				D76578BD177B7C3500E91808 /* AppBackground@2x.png */,
				D76578BC177B7C3500E91808 /* AppBackground-568h@2x.png */,
				D7232AAA17737A3F00EEB447 /* pipe.png */,
				D76578C0177B7C5900E91808 /* pipe@2x.png */,
				D76578C2177B7C7A00E91808 /* pipe_long.png */,
				D76578C3177B7C7A00E91808 /* pipe_long@2x.png */,
			);
			path = images;
			sourceTree = "<group>";
		};
/* End PBXGroup section */

/* Begin PBXNativeTarget section */
		D7862EAB174E741C00E59D5A /* StaffRoster */ = {
			isa = PBXNativeTarget;
			buildConfigurationList = D7862EEA174E741C00E59D5A /* Build configuration list for PBXNativeTarget "StaffRoster" */;
			buildPhases = (
				8409F70DACDD4E58812A083E /* Check Pods Manifest.lock */,
				D7862EA8174E741C00E59D5A /* Sources */,
				D7862EA9174E741C00E59D5A /* Frameworks */,
				D7862EAA174E741C00E59D5A /* Resources */,
				4799D09716ED4568BFF84F0F /* Copy Pods Resources */,
			);
			buildRules = (
			);
			dependencies = (
			);
			name = StaffRoster;
			productName = StaffRoster;
			productReference = D7862EAC174E741C00E59D5A /* StaffRoster.app */;
			productType = "com.apple.product-type.application";
		};
		D7862ED7174E741C00E59D5A /* StaffRosterTests */ = {
			isa = PBXNativeTarget;
			buildConfigurationList = D7862EED174E741C00E59D5A /* Build configuration list for PBXNativeTarget "StaffRosterTests" */;
			buildPhases = (
				D7862ED3174E741C00E59D5A /* Sources */,
				D7862ED4174E741C00E59D5A /* Frameworks */,
				D7862ED5174E741C00E59D5A /* Resources */,
				D7862ED6174E741C00E59D5A /* ShellScript */,
			);
			buildRules = (
			);
			dependencies = (
				D7862EDE174E741C00E59D5A /* PBXTargetDependency */,
			);
			name = StaffRosterTests;
			productName = StaffRosterTests;
			productReference = D7862ED8174E741C00E59D5A /* StaffRosterTests.octest */;
			productType = "com.apple.product-type.bundle";
		};
/* End PBXNativeTarget section */

/* Begin PBXProject section */
		D7862EA4174E741C00E59D5A /* Project object */ = {
			isa = PBXProject;
			attributes = {
				LastUpgradeCheck = 0460;
				ORGANIZATIONNAME = redhat;
			};
			buildConfigurationList = D7862EA7174E741C00E59D5A /* Build configuration list for PBXProject "StaffRoster" */;
			compatibilityVersion = "Xcode 3.2";
			developmentRegion = English;
			hasScannedForEncodings = 0;
			knownRegions = (
				en,
			);
			mainGroup = D7862EA3174E741C00E59D5A;
			productRefGroup = D7862EAD174E741C00E59D5A /* Products */;
			projectDirPath = "";
			projectRoot = "";
			targets = (
				D7862EAB174E741C00E59D5A /* StaffRoster */,
				D7862ED7174E741C00E59D5A /* StaffRosterTests */,
			);
		};
/* End PBXProject section */

/* Begin PBXResourcesBuildPhase section */
		D7862EAA174E741C00E59D5A /* Resources */ = {
			isa = PBXResourcesBuildPhase;
			buildActionMask = 2147483647;
			files = (
				D7862EB7174E741C00E59D5A /* Podfile in Resources */,
				D7862EC1174E741C00E59D5A /* InfoPlist.strings in Resources */,
				D7862ED2174E741C00E59D5A /* .gitignore in Resources */,
				D77DF2841760DACA00B3BA78 /* README.md in Resources */,
				D7424AC91771069E003E2D12 /* Default-568h@2x.png in Resources */,
				D7424AD017710ABD003E2D12 /* Default.png in Resources */,
				D7424AD117710AC1003E2D12 /* Default@2x.png in Resources */,
				D7232AAB17737A3F00EEB447 /* pipe.png in Resources */,
				D7232AAD17737C6B00EEB447 /* AppBackground.png in Resources */,
				D7232AB117737EE600EEB447 /* icon_email.png in Resources */,
				D7232AB217737EE600EEB447 /* icon_office.png in Resources */,
				D7232AB317737EE600EEB447 /* icon_phone.png in Resources */,
				D7232AB51778A63B00EEB447 /* StaffAppIcon_v2.png in Resources */,
				D7232AB71778A64B00EEB447 /* StaffAppIcon_HiRes_v2.png in Resources */,
				D7232ABA1778A6DE00EEB447 /* icon_atoz.png in Resources */,
				D76578B5177B7B9300E91808 /* icon_atoz@2x.png in Resources */,
				D76578B7177B7BA900E91808 /* icon_email@2x.png in Resources */,
				D76578B9177B7BB700E91808 /* icon_office@2x.png in Resources */,
				D76578BB177B7BC900E91808 /* icon_phone@2x.png in Resources */,
				D76578BE177B7C3500E91808 /* AppBackground-568h@2x.png in Resources */,
				D76578BF177B7C3500E91808 /* AppBackground@2x.png in Resources */,
				D76578C1177B7C5900E91808 /* pipe@2x.png in Resources */,
				D76578C4177B7C7A00E91808 /* pipe_long.png in Resources */,
				D76578C5177B7C7A00E91808 /* pipe_long@2x.png in Resources */,
				D7B183A5177E1B4E008E2AED /* profile.png in Resources */,
				D7B183A6177E1B4E008E2AED /* profile@2x.png in Resources */,
			);
			runOnlyForDeploymentPostprocessing = 0;
		};
		D7862ED5174E741C00E59D5A /* Resources */ = {
			isa = PBXResourcesBuildPhase;
			buildActionMask = 2147483647;
			files = (
				D7862EE4174E741C00E59D5A /* InfoPlist.strings in Resources */,
			);
			runOnlyForDeploymentPostprocessing = 0;
		};
/* End PBXResourcesBuildPhase section */

/* Begin PBXShellScriptBuildPhase section */
		4799D09716ED4568BFF84F0F /* Copy Pods Resources */ = {
			isa = PBXShellScriptBuildPhase;
			buildActionMask = 2147483647;
			files = (
			);
			inputPaths = (
			);
			name = "Copy Pods Resources";
			outputPaths = (
			);
			runOnlyForDeploymentPostprocessing = 0;
			shellPath = /bin/sh;
			shellScript = "\"${SRCROOT}/Pods/Pods-resources.sh\"\n";
		};
		8409F70DACDD4E58812A083E /* Check Pods Manifest.lock */ = {
			isa = PBXShellScriptBuildPhase;
			buildActionMask = 2147483647;
			files = (
			);
			inputPaths = (
			);
			name = "Check Pods Manifest.lock";
			outputPaths = (
			);
			runOnlyForDeploymentPostprocessing = 0;
			shellPath = /bin/sh;
			shellScript = "diff \"${PODS_ROOT}/../Podfile.lock\" \"${PODS_ROOT}/Manifest.lock\" > /dev/null\nif [[ $? != 0 ]] ; then\n    cat << EOM\nerror: The sandbox is not in sync with the Podfile.lock. Run 'pod install' or update your CocoaPods installation.\nEOM\n    exit 1\nfi\n";
		};
		D7862ED6174E741C00E59D5A /* ShellScript */ = {
			isa = PBXShellScriptBuildPhase;
			buildActionMask = 2147483647;
			files = (
			);
			inputPaths = (
			);
			outputPaths = (
			);
			runOnlyForDeploymentPostprocessing = 0;
			shellPath = /bin/sh;
			shellScript = "# Run the unit tests in this test bundle.\n\"${SYSTEM_DEVELOPER_DIR}/Tools/RunUnitTests\"\n";
		};
/* End PBXShellScriptBuildPhase section */

/* Begin PBXSourcesBuildPhase section */
		D7862EA8174E741C00E59D5A /* Sources */ = {
			isa = PBXSourcesBuildPhase;
			buildActionMask = 2147483647;
			files = (
				D7862EBD174E741C00E59D5A /* StaffRosterAPIClient.m in Sources */,
				D7862EC3174E741C00E59D5A /* main.m in Sources */,
				D7862EC6174E741C00E59D5A /* AppDelegate.m in Sources */,
				D7862ED0174E741C00E59D5A /* EmployeeSearchViewController.m in Sources */,
				D7999CC6174EBC4800EEF930 /* StaffDetailTableViewController.m in Sources */,
				D7BE599F17690189007F2C20 /* OfflineDataProvider.m in Sources */,
				D7232ABF1778B39B00EEB447 /* EmployeeListCell.m in Sources */,
				D70A508B1778F16B0007A167 /* RHLocation.m in Sources */,
			);
			runOnlyForDeploymentPostprocessing = 0;
		};
		D7862ED3174E741C00E59D5A /* Sources */ = {
			isa = PBXSourcesBuildPhase;
			buildActionMask = 2147483647;
			files = (
				D7862EE7174E741C00E59D5A /* StaffRosterTests.m in Sources */,
			);
			runOnlyForDeploymentPostprocessing = 0;
		};
/* End PBXSourcesBuildPhase section */

/* Begin PBXTargetDependency section */
		D7862EDE174E741C00E59D5A /* PBXTargetDependency */ = {
			isa = PBXTargetDependency;
			target = D7862EAB174E741C00E59D5A /* StaffRoster */;
			targetProxy = D7862EDD174E741C00E59D5A /* PBXContainerItemProxy */;
		};
/* End PBXTargetDependency section */

/* Begin PBXVariantGroup section */
		D7862EBF174E741C00E59D5A /* InfoPlist.strings */ = {
			isa = PBXVariantGroup;
			children = (
				D7862EC0174E741C00E59D5A /* en */,
			);
			name = InfoPlist.strings;
			sourceTree = "<group>";
		};
		D7862EE2174E741C00E59D5A /* InfoPlist.strings */ = {
			isa = PBXVariantGroup;
			children = (
				D7862EE3174E741C00E59D5A /* en */,
			);
			name = InfoPlist.strings;
			sourceTree = "<group>";
		};
/* End PBXVariantGroup section */

/* Begin XCBuildConfiguration section */
		D7862EE8174E741C00E59D5A /* Debug */ = {
			isa = XCBuildConfiguration;
			buildSettings = {
				ALWAYS_SEARCH_USER_PATHS = NO;
				CLANG_CXX_LANGUAGE_STANDARD = "gnu++0x";
				CLANG_CXX_LIBRARY = "libc++";
				CLANG_ENABLE_OBJC_ARC = YES;
				CLANG_WARN_CONSTANT_CONVERSION = YES;
				CLANG_WARN_EMPTY_BODY = YES;
				CLANG_WARN_ENUM_CONVERSION = YES;
				CLANG_WARN_INT_CONVERSION = YES;
				CLANG_WARN__DUPLICATE_METHOD_MATCH = YES;
				CODE_SIGN_IDENTITY = "iPhone Developer: Yavuz Selim YILMAZ (459NNU37B5)";
				"CODE_SIGN_IDENTITY[sdk=iphoneos*]" = "iPhone Developer: Yavuz Selim YILMAZ (459NNU37B5)";
				COPY_PHASE_STRIP = NO;
				GCC_C_LANGUAGE_STANDARD = gnu99;
				GCC_DYNAMIC_NO_PIC = NO;
				GCC_OPTIMIZATION_LEVEL = 0;
				GCC_PREPROCESSOR_DEFINITIONS = (
					"DEBUG=1",
					"$(inherited)",
				);
				GCC_SYMBOLS_PRIVATE_EXTERN = NO;
				GCC_WARN_ABOUT_RETURN_TYPE = YES;
				GCC_WARN_UNINITIALIZED_AUTOS = YES;
				GCC_WARN_UNUSED_VARIABLE = YES;
				IPHONEOS_DEPLOYMENT_TARGET = 6.1;
				ONLY_ACTIVE_ARCH = YES;
				PROVISIONING_PROFILE = "53CB0643-310E-4703-8938-EEB8FF80E849";
				"PROVISIONING_PROFILE[sdk=iphoneos*]" = "53CB0643-310E-4703-8938-EEB8FF80E849";
				SDKROOT = iphoneos;
			};
			name = Debug;
		};
		D7862EE9174E741C00E59D5A /* Release */ = {
			isa = XCBuildConfiguration;
			buildSettings = {
				ALWAYS_SEARCH_USER_PATHS = NO;
				CLANG_CXX_LANGUAGE_STANDARD = "gnu++0x";
				CLANG_CXX_LIBRARY = "libc++";
				CLANG_ENABLE_OBJC_ARC = YES;
				CLANG_WARN_CONSTANT_CONVERSION = YES;
				CLANG_WARN_EMPTY_BODY = YES;
				CLANG_WARN_ENUM_CONVERSION = YES;
				CLANG_WARN_INT_CONVERSION = YES;
				CLANG_WARN__DUPLICATE_METHOD_MATCH = YES;
				CODE_SIGN_IDENTITY = "iPhone Developer: Yavuz Selim YILMAZ (459NNU37B5)";
				"CODE_SIGN_IDENTITY[sdk=iphoneos*]" = "iPhone Developer: Yavuz Selim YILMAZ (459NNU37B5)";
				COPY_PHASE_STRIP = YES;
				GCC_C_LANGUAGE_STANDARD = gnu99;
				GCC_WARN_ABOUT_RETURN_TYPE = YES;
				GCC_WARN_UNINITIALIZED_AUTOS = YES;
				GCC_WARN_UNUSED_VARIABLE = YES;
				IPHONEOS_DEPLOYMENT_TARGET = 6.1;
				OTHER_CFLAGS = "-DNS_BLOCK_ASSERTIONS=1";
				PROVISIONING_PROFILE = "53CB0643-310E-4703-8938-EEB8FF80E849";
				"PROVISIONING_PROFILE[sdk=iphoneos*]" = "53CB0643-310E-4703-8938-EEB8FF80E849";
				SDKROOT = iphoneos;
				VALIDATE_PRODUCT = YES;
			};
			name = Release;
		};
		D7862EEB174E741C00E59D5A /* Debug */ = {
			isa = XCBuildConfiguration;
			baseConfigurationReference = 0937ADEC2B47403CBF0CD0AD /* Pods.xcconfig */;
			buildSettings = {
				CODE_SIGN_IDENTITY = "iPhone Distribution: Red Hat, Inc.";
				"CODE_SIGN_IDENTITY[sdk=iphoneos*]" = "iPhone Distribution: Red Hat, Inc.";
				FRAMEWORK_SEARCH_PATHS = (
					"$(inherited)",
					"\"$(SRCROOT)/StaffRoster\"",
					"\"$(SRCROOT)\"",
				);
				GCC_PRECOMPILE_PREFIX_HEADER = YES;
				GCC_PREFIX_HEADER = "StaffRoster/StaffRoster-Prefix.pch";
				INFOPLIST_FILE = "StaffRoster/StaffRoster-Info.plist";
				IPHONEOS_DEPLOYMENT_TARGET = 5.1;
				PRODUCT_NAME = "$(TARGET_NAME)";
				PROVISIONING_PROFILE = "0220B2C6-9665-4FA7-9F64-A03C2DD85FFD";
				"PROVISIONING_PROFILE[sdk=iphoneos*]" = "0220B2C6-9665-4FA7-9F64-A03C2DD85FFD";
				TARGETED_DEVICE_FAMILY = "1,2";
				WRAPPER_EXTENSION = app;
			};
			name = Debug;
		};
		D7862EEC174E741C00E59D5A /* Release */ = {
			isa = XCBuildConfiguration;
			baseConfigurationReference = 0937ADEC2B47403CBF0CD0AD /* Pods.xcconfig */;
			buildSettings = {
				CODE_SIGN_IDENTITY = "iPhone Distribution: Red Hat, Inc.";
				"CODE_SIGN_IDENTITY[sdk=iphoneos*]" = "iPhone Distribution: Red Hat, Inc.";
				FRAMEWORK_SEARCH_PATHS = (
					"$(inherited)",
					"\"$(SRCROOT)/StaffRoster\"",
					"\"$(SRCROOT)\"",
				);
				GCC_PRECOMPILE_PREFIX_HEADER = YES;
				GCC_PREFIX_HEADER = "StaffRoster/StaffRoster-Prefix.pch";
				INFOPLIST_FILE = "StaffRoster/StaffRoster-Info.plist";
				IPHONEOS_DEPLOYMENT_TARGET = 5.1;
				PRODUCT_NAME = "$(TARGET_NAME)";
				PROVISIONING_PROFILE = "0220B2C6-9665-4FA7-9F64-A03C2DD85FFD";
				"PROVISIONING_PROFILE[sdk=iphoneos*]" = "0220B2C6-9665-4FA7-9F64-A03C2DD85FFD";
				TARGETED_DEVICE_FAMILY = "1,2";
				WRAPPER_EXTENSION = app;
			};
			name = Release;
		};
		D7862EEE174E741C00E59D5A /* Debug */ = {
			isa = XCBuildConfiguration;
			buildSettings = {
				BUNDLE_LOADER = "$(BUILT_PRODUCTS_DIR)/StaffRoster.app/StaffRoster";
				FRAMEWORK_SEARCH_PATHS = (
					"\"$(SDKROOT)/Developer/Library/Frameworks\"",
					"\"$(DEVELOPER_LIBRARY_DIR)/Frameworks\"",
				);
				GCC_PRECOMPILE_PREFIX_HEADER = YES;
				GCC_PREFIX_HEADER = "StaffRoster/StaffRoster-Prefix.pch";
				INFOPLIST_FILE = "StaffRosterTests/StaffRosterTests-Info.plist";
				PRODUCT_NAME = "$(TARGET_NAME)";
				TEST_HOST = "$(BUNDLE_LOADER)";
				WRAPPER_EXTENSION = octest;
			};
			name = Debug;
		};
		D7862EEF174E741C00E59D5A /* Release */ = {
			isa = XCBuildConfiguration;
			buildSettings = {
				BUNDLE_LOADER = "$(BUILT_PRODUCTS_DIR)/StaffRoster.app/StaffRoster";
				FRAMEWORK_SEARCH_PATHS = (
					"\"$(SDKROOT)/Developer/Library/Frameworks\"",
					"\"$(DEVELOPER_LIBRARY_DIR)/Frameworks\"",
				);
				GCC_PRECOMPILE_PREFIX_HEADER = YES;
				GCC_PREFIX_HEADER = "StaffRoster/StaffRoster-Prefix.pch";
				INFOPLIST_FILE = "StaffRosterTests/StaffRosterTests-Info.plist";
				PRODUCT_NAME = "$(TARGET_NAME)";
				TEST_HOST = "$(BUNDLE_LOADER)";
				WRAPPER_EXTENSION = octest;
			};
			name = Release;
		};
/* End XCBuildConfiguration section */

/* Begin XCConfigurationList section */
		D7862EA7174E741C00E59D5A /* Build configuration list for PBXProject "StaffRoster" */ = {
			isa = XCConfigurationList;
			buildConfigurations = (
				D7862EE8174E741C00E59D5A /* Debug */,
				D7862EE9174E741C00E59D5A /* Release */,
			);
			defaultConfigurationIsVisible = 0;
			defaultConfigurationName = Release;
		};
		D7862EEA174E741C00E59D5A /* Build configuration list for PBXNativeTarget "StaffRoster" */ = {
			isa = XCConfigurationList;
			buildConfigurations = (
				D7862EEB174E741C00E59D5A /* Debug */,
				D7862EEC174E741C00E59D5A /* Release */,
			);
			defaultConfigurationIsVisible = 0;
			defaultConfigurationName = Release;
		};
		D7862EED174E741C00E59D5A /* Build configuration list for PBXNativeTarget "StaffRosterTests" */ = {
			isa = XCConfigurationList;
			buildConfigurations = (
				D7862EEE174E741C00E59D5A /* Debug */,
				D7862EEF174E741C00E59D5A /* Release */,
			);
			defaultConfigurationIsVisible = 0;
			defaultConfigurationName = Release;
		};
/* End XCConfigurationList section */
	};
	rootObject = D7862EA4174E741C00E59D5A /* Project object */;
}
